
Microsoft Visual Studio Solution File, Format Version 12.00
# Visual Studio Version 17
VisualStudioVersion = 17.7.34221.43
MinimumVisualStudioVersion = 10.0.40219.1
Project("{FAE04EC0-301F-11D3-BF4B-00C04F79EFBC}") = "ShoeSalesSystem", "ShoeSalesSystem.csproj", "{C10D42CA-4F15-457F-9037-02B476DC6BD6}"
EndProject
Global
	GlobalSection(SolutionConfigurationPlatforms) = preSolution
		Debug|Any CPU = Debug|Any CPU
		Release|Any CPU = Release|Any CPU
	EndGlobalSection
	GlobalSection(ProjectConfigurationPlatforms) = postSolution
		{C10D42CA-4F15-457F-9037-02B476DC6BD6}.Debug|Any CPU.ActiveCfg = Debug|Any CPU
		{C10D42CA-4F15-457F-9037-02B476DC6BD6}.Debug|Any CPU.Build.0 = Debug|Any CPU
		{C10D42CA-4F15-457F-9037-02B476DC6BD6}.Release|Any CPU.ActiveCfg = Release|Any CPU
		{C10D42CA-4F15-457F-9037-02B476DC6BD6}.Release|Any CPU.Build.0 = Release|Any CPU
	EndGlobalSection
	GlobalSection(SolutionProperties) = preSolution
		HideSolutionNode = FALSE
	EndGlobalSection
	GlobalSection(ExtensibilityGlobals) = postSolution
		SolutionGuid = {E246A22C-C137-4A8B-A8E7-78E0B3221CF2}
	EndGlobalSection
EndGlobal
